
Microsoft Visual Studio Solution File, Format Version 12.00
# Visual Studio 2013
VisualStudioVersion = 12.0.30501.0
MinimumVisualStudioVersion = 10.0.40219.1
Project("{FAE04EC0-301F-11D3-BF4B-00C04F79EFBC}") = "CSharpGL.CSSL", "CSharpGL.CSSL\CSharpGL.CSSL.csproj", "{3B520E1D-AAB3-440A-B112-4B310E7C94DF}"
EndProject
Project("{FAE04EC0-301F-11D3-BF4B-00C04F79EFBC}") = "CSharpGL.CSSLGenetator", "CSharpGL.CSSLGenetator\CSharpGL.CSSLGenetator.csproj", "{67E7CB72-E44B-4648-BE4B-FE4009BAA3E8}"
EndProject
Global
	GlobalSection(SolutionConfigurationPlatforms) = preSolution
		Debug|Any CPU = Debug|Any CPU
		Release|Any CPU = Release|Any CPU
	EndGlobalSection
	GlobalSection(ProjectConfigurationPlatforms) = postSolution
		{3B520E1D-AAB3-440A-B112-4B310E7C94DF}.Debug|Any CPU.ActiveCfg = Debug|Any CPU
		{3B520E1D-AAB3-440A-B112-4B310E7C94DF}.Debug|Any CPU.Build.0 = Debug|Any CPU
		{3B520E1D-AAB3-440A-B112-4B310E7C94DF}.Release|Any CPU.ActiveCfg = Release|Any CPU
		{3B520E1D-AAB3-440A-B112-4B310E7C94DF}.Release|Any CPU.Build.0 = Release|Any CPU
		{67E7CB72-E44B-4648-BE4B-FE4009BAA3E8}.Debug|Any CPU.ActiveCfg = Debug|Any CPU
		{67E7CB72-E44B-4648-BE4B-FE4009BAA3E8}.Debug|Any CPU.Build.0 = Debug|Any CPU
		{67E7CB72-E44B-4648-BE4B-FE4009BAA3E8}.Release|Any CPU.ActiveCfg = Release|Any CPU
		{67E7CB72-E44B-4648-BE4B-FE4009BAA3E8}.Release|Any CPU.Build.0 = Release|Any CPU
	EndGlobalSection
	GlobalSection(SolutionProperties) = preSolution
		HideSolutionNode = FALSE
	EndGlobalSection
EndGlobal
